
Microsoft Visual Studio Solution File, Format Version 12.00
# Visual Studio Version 16
VisualStudioVersion = 16.0.29215.179
MinimumVisualStudioVersion = 10.0.40219.1
Project("{8BC9CEB8-8B4A-11D0-8D11-00A0C91BC942}") = "monte-carlo-ray-tracer", "monte-carlo-ray-tracer.vcxproj", "{FC0A13F1-23E8-40D7-87CF-E2A455E2E807}"
EndProject
Global
	GlobalSection(SolutionConfigurationPlatforms) = preSolution
		Debug|x64 = Debug|x64
		Debug|x86 = Debug|x86
		Release|x64 = Release|x64
		Release|x86 = Release|x86
	EndGlobalSection
	GlobalSection(ProjectConfigurationPlatforms) = postSolution
		{FC0A13F1-23E8-40D7-87CF-E2A455E2E807}.Debug|x64.ActiveCfg = Debug|x64
		{FC0A13F1-23E8-40D7-87CF-E2A455E2E807}.Debug|x64.Build.0 = Debug|x64
		{FC0A13F1-23E8-40D7-87CF-E2A455E2E807}.Debug|x86.ActiveCfg = Debug|Win32
		{FC0A13F1-23E8-40D7-87CF-E2A455E2E807}.Debug|x86.Build.0 = Debug|Win32
		{FC0A13F1-23E8-40D7-87CF-E2A455E2E807}.Release|x64.ActiveCfg = Release|x64
		{FC0A13F1-23E8-40D7-87CF-E2A455E2E807}.Release|x64.Build.0 = Release|x64
		{FC0A13F1-23E8-40D7-87CF-E2A455E2E807}.Release|x86.ActiveCfg = Release|Win32
		{FC0A13F1-23E8-40D7-87CF-E2A455E2E807}.Release|x86.Build.0 = Release|Win32
	EndGlobalSection
	GlobalSection(SolutionProperties) = preSolution
		HideSolutionNode = FALSE
	EndGlobalSection
	GlobalSection(ExtensibilityGlobals) = postSolution
		SolutionGuid = {4854DD0C-2CC4-4AA0-8BB8-B6C783C46CE9}
	EndGlobalSection
EndGlobal
